# This file is automatically @generated by Cargo.
# It is not intended for manual editing.
version = 4

[[package]]
name = "happyterminals"
version = "0.0.0"

[[package]]
name = "happyterminals-backend-ratatui"
version = "0.0.0"

[[package]]
name = "happyterminals-core"
version = "0.0.0"

[[package]]
name = "happyterminals-dsl"
version = "0.0.0"

[[package]]
name = "happyterminals-pipeline"
version = "0.0.0"

[[package]]
name = "happyterminals-renderer"
version = "0.0.0"

[[package]]
name = "happyterminals-scene"
version = "0.0.0"
